github.com/aws/aws-sdk-go-v2 v1.20.1/go.mod h1:NU06lETsFm8fUC6ZjhgDpVBcGZTFQ6XM+LZWZxMI4ac=
github.com/aws/aws-sdk-go-v2 v1.20.2 h1:0Aok9u/HVTk7RtY6M1KDcthbaMKGhhS0eLPxIdSIzRI=
github.com/aws/aws-sdk-go-v2 v1.20.2/go.mod h1:NU06lETsFm8fUC6ZjhgDpVBcGZTFQ6XM+LZWZxMI4ac=
github.com/aws/aws-sdk-go-v2/aws/protocol/eventstream v1.4.12 h1:lN6L3LrYHeZ6xCxaIYtoWCx4GMLk4nRknsh29OMSqHY=
github.com/aws/aws-sdk-go-v2/aws/protocol/eventstream v1.4.12/go.mod h1:TDCkEAkMTXxTs0oLBGBKpBZbk3NLh8EvAfF0Q3x8/0c=
github.com/aws/aws-sdk-go-v2/config v1.18.33 h1:JKcw5SFxFW/rpM4mOPjv0VQ11E2kxW13F3exWOy7VZU=
github.com/aws/aws-sdk-go-v2/config v1.18.33/go.mod h1:hXO/l9pgY3K5oZJldamP0pbZHdPqqk+4/maa7DSD3cA=
github.com/aws/aws-sdk-go-v2/credentials v1.13.32 h1:lIH1eKPcCY1ylR4B6PkBGRWMHO3aVenOKJHWiS4/G2w=
github.com/aws/aws-sdk-go-v2/credentials v1.13.32/go.mod h1:lL8U3v/Y79YRG69WlAho0OHIKUXCyFvSXaIvfo81sls=
github.com/aws/aws-sdk-go-v2/feature/ec2/imds v1.13.8 h1:DK/9C+UN/X+1+Wm8pqaDksQr2tSLzq+8X1/rI/ZxKEQ=
github.com/aws/aws-sdk-go-v2/feature/ec2/imds v1.13.8/go.mod h1:ce7BgLQfYr5hQFdy67oX2svto3ufGtm6oBvmsHScI1Q=
github.com/aws/aws-sdk-go-v2/feature/s3/manager v1.11.77 h1:oWSNL9oQy+do911sXpJyIc2J7RiUrbm9BecyaGy1wHo=
github.com/aws/aws-sdk-go-v2/feature/s3/manager v1.11.77/go.mod h1:xvOdc97VpScJqB10YAI8r/cKuU7d9Ls/as03KROO2qY=
github.com/aws/aws-sdk-go-v2/internal/configsources v1.1.38/go.mod h1:qggunOChCMu9ZF/UkAfhTz25+U2rLVb3ya0Ua6TTfCA=
github.com/aws/aws-sdk-go-v2/internal/configsources v1.1.39 h1:OBokd2jreL7ItwqRRcN5QiSt24/i2r742aRsd2qMyeg=
github.com/aws/aws-sdk-go-v2/internal/configsources v1.1.39/go.mod h1:OLmjwglQh90dCcFJDGD+T44G0ToLH+696kRwRhS1KOU=
github.com/aws/aws-sdk-go-v2/internal/endpoints/v2 v2.4.32/go.mod h1:0ZXSqrty4FtQ7p8TEuRde/SZm9X05KT18LAUlR40Ln0=
github.com/aws/aws-sdk-go-v2/internal/endpoints/v2 v2.4.33 h1:gcRN6PXAo8w3HYFp2wFyr+WYEP4n/a25/IOhzJl36Yw=
github.com/aws/aws-sdk-go-v2/internal/endpoints/v2 v2.4.33/go.mod h1:S/zgOphghZAIvrbtvsVycoOncfqh1Hc4uGDIHqDLwTU=
github.com/aws/aws-sdk-go-v2/internal/ini v1.3.39 h1:fc0ukRAiP1syoSGZYu+DaE+FulSYhTiJ8WpVu5jElU4=
github.com/aws/aws-sdk-go-v2/internal/ini v1.3.39/go.mod h1:WLAW8PT7+JhjZfLSWe7WEJaJu0GNo0cKc2Zyo003RBs=
github.com/aws/aws-sdk-go-v2/internal/v4a v1.1.1/go.mod h1:sFMeinkhj/SZKQM8BxtvNtSPjJEo0Xrz+w3g2e4FSKI=
github.com/aws/aws-sdk-go-v2/internal/v4a v1.1.2 h1:9Np6KOCKYnjMwJd1/17ReLdN21gnloI80LNP3uCKk44=
github.com/aws/aws-sdk-go-v2/internal/v4a v1.1.2/go.mod h1:0YZJZKZCSSbQYQrXpqv0DpIaOMcZ27+OHFaSJTmN+8o=
github.com/aws/aws-sdk-go-v2/service/internal/accept-encoding v1.9.13 h1:iV/W5OMBys+66OeXJi/7xIRrKZNsu0ylsLGu+6nbmQE=
github.com/aws/aws-sdk-go-v2/service/internal/accept-encoding v1.9.13/go.mod h1:ReJb6xYmtGyu9KoFtRreWegbN9dZqvZIIv4vWnhcsyI=
github.com/aws/aws-sdk-go-v2/service/internal/checksum v1.1.33/go.mod h1:fABTUmOrAgAalG2i9WJpjBvlnk7UK8YmnYaxN+Q2CwE=
github.com/aws/aws-sdk-go-v2/service/internal/checksum v1.1.34 h1:gQE3p36iC+wwf/hDaCw+tNVXmNxDUehqv5nAvnoG+yc=
github.com/aws/aws-sdk-go-v2/service/internal/checksum v1.1.34/go.mod h1:swEfojiNWdgJaOTNT65+XsMclEx4k/tyzBAVEi0Y6vM=
github.com/aws/aws-sdk-go-v2/service/internal/presigned-url v1.9.32/go.mod h1:4jwAWKEkCR0anWk5+1RbfSg1R5Gzld7NLiuaq5bTR/Y=
github.com/aws/aws-sdk-go-v2/service/internal/presigned-url v1.9.33 h1:cr70Hw6Lq9cqRst1y4YOHLiaVWaWtBPiqdloinNkfis=
github.com/aws/aws-sdk-go-v2/service/internal/presigned-url v1.9.33/go.mod h1:kcNtzCcEoflp+6e2CDTmm2h3xQGZOBZqYA/8DhYx/S8=
github.com/aws/aws-sdk-go-v2/service/internal/s3shared v1.15.1/go.mod h1:TqoxCLwT2nrxrBGA+z7t6OWM7LBkgRckK3gOjYE+7JA=
github.com/aws/aws-sdk-go-v2/service/internal/s3shared v1.15.2 h1:M5vGdcDO+jUGWu7d4BXwcLRXp3UikWXAiCfQI20rqFQ=
github.com/aws/aws-sdk-go-v2/service/internal/s3shared v1.15.2/go.mod h1:bC2B9AS4ygwMNrefck3XeD6YwXeplWhY6Z2UtlGjv1s=
github.com/aws/aws-sdk-go-v2/service/s3 v1.38.2/go.mod h1:cwCATiyNrXK9P2FsWdZ89g9mpsYv2rhk0UA/KByl5fY=
github.com/aws/aws-sdk-go-v2/service/s3 v1.38.3 h1:yWclTL4cyiqLBWSjxDJ1tjiIzP4x4Kp85aAUtKSbtwA=
github.com/aws/aws-sdk-go-v2/service/s3 v1.38.3/go.mod h1:yER+u7+gwH6dXy5xRTC2OfoHpYY1BFRiS0SF5iamO6M=
github.com/aws/aws-sdk-go-v2/service/sso v1.13.2 h1:A2RlEMo4SJSwbNoUUgkxTAEMduAy/8wG3eB2b2lP4gY=
github.com/aws/aws-sdk-go-v2/service/sso v1.13.2/go.mod h1:ju+nNXUunfIFamXUIZQiICjnO/TPlOmWcYhZcSy7xaE=
github.com/aws/aws-sdk-go-v2/service/ssooidc v1.15.2 h1:OJELEgyaT2kmaBGZ+myyZbTTLobfe3ox3FSh5eYK9Qs=
github.com/aws/aws-sdk-go-v2/service/ssooidc v1.15.2/go.mod h1:ubDBBaDFs1GHijSOTi8ljppML15GLG0HxhILtbjNNYQ=
github.com/aws/aws-sdk-go-v2/service/sts v1.21.2 h1:ympg1+Lnq33XLhcK/xTG4yZHPs1Oyxu+6DEWbl7qOzA=
github.com/aws/aws-sdk-go-v2/service/sts v1.21.2/go.mod h1:FQ/DQcOfESELfJi5ED+IPPAjI5xC6nxtSolVVB773jM=
github.com/aws/smithy-go v1.14.1 h1:EFKMUmH/iHMqLiwoEDx2rRjRQpI1YCn5jTysoaDujFs=
github.com/aws/smithy-go v1.14.1/go.mod h1:Tg+OJXh4MB2R/uN61Ko2f6hTZwB/ZYGOtib8J3gBHzA=
github.com/davecgh/go-spew v1.1.0/go.mod h1:J7Y8YcW2NihsgmVo/mv3lAwl/skON4iLHjSsI+c5H38=
github.com/davecgh/go-spew v1.1.1 h1:vj9j/u1bqnvCEfJOwUhtlOARqs3+rkHYY13jYWTU97c=
github.com/davecgh/go-spew v1.1.1/go.mod h1:J7Y8YcW2NihsgmVo/mv3lAwl/skON4iLHjSsI+c5H38=
github.com/google/go-cmp v0.5.8 h1:e6P7q2lk1O+qJJb4BtCQXlK8vWEO8V1ZeuEdJNOqZyg=
github.com/google/go-cmp v0.5.8/go.mod h1:17dUlkBOakJ0+DkrSSNjCkIjxS6bF9zb3elmeNGIjoY=
github.com/jmespath/go-jmespath v0.4.0 h1:BEgLn5cpjn8UN1mAw4NjwDrS35OdebyEtFe+9YPoQUg=
github.com/jmespath/go-jmespath v0.4.0/go.mod h1:T8mJZnbsbmF+m6zOOFylbeCJqk5+pHWvzYPziyZiYoo=
github.com/jmespath/go-jmespath/internal/testify v1.5.1 h1:shLQSRRSCCPj3f2gpwzGwWFoC7ycTf1rcQZHOlsJ6N8=
github.com/jmespath/go-jmespath/internal/testify v1.5.1/go.mod h1:L3OGu8Wl2/fWfCI6z80xFu9LTZmf1ZRjMHUOPmWr69U=
github.com/kr/pretty v0.1.0 h1:L/CwN0zerZDmRFUapSPitk6f+Q3+0za1rQkzVuMiMFI=
github.com/kr/pretty v0.1.0/go.mod h1:dAy3ld7l9f0ibDNOQOHHMYYIIbhfbHSm3C4ZsoJORNo=
github.com/kr/pty v1.1.1/go.mod h1:pFQYn66WHrOpPYNljwOMqo10TkYh1fy3cYio2l3bCsQ=
github.com/kr/text v0.1.0 h1:45sCR5RtlFHMR4UwH9sdQ5TC8v0qDQCHnXt+kaKSTVE=
github.com/kr/text v0.1.0/go.mod h1:4Jbv+DJW3UT/LiOwJeYQe1efqtUx/iVham/4vfdArNI=
github.com/pmezard/go-difflib v1.0.0 h1:4DBwDE0NGyQoBHbLQYPwSUPoCMWR5BEzIk/f1lZbAQM=
github.com/pmezard/go-difflib v1.0.0/go.mod h1:iKH77koFhYxTK1pcRnkKkqfTogsbg7gZNVY4sRDYZ/4=
github.com/shogo82148/go-tap v0.0.3 h1:i3RzbsucWz9caoWS0wFAmJGEU0hwCsWmuK9kYGPoajw=
github.com/shogo82148/go-tap v0.0.3/go.mod h1:H6vRVOZ2uqX/Epmer6MnielLhU3ybUIPm6P3G4zGf5E=
github.com/shogo82148/server-starter/listener v1.0.0 h1:CgrlzKpjyrNZMbeZGLe9vhmd1owXMZL+ZXqwiPFVlHA=
github.com/shogo82148/server-starter/listener v1.0.0/go.mod h1:aDXZY1PvFj7QsuttO1QBwXHfKm33iOZL0ymYFytoCzU=
github.com/sirupsen/logrus v1.9.3 h1:dueUQJ1C2q9oE3F7wvmSGAaVtTmUizReu6fjN8uqzbQ=
github.com/sirupsen/logrus v1.9.3/go.mod h1:naHLuLoDiP4jHNo9R0sCBMtWGeIprob74mVsIT4qYEQ=
github.com/stretchr/objx v0.1.0/go.mod h1:HFkY916IF+rwdDfMAkV7OtwuqBVzrE8GR6GFx+wExME=
github.com/stretchr/testify v1.7.0 h1:nwc3DEeHmmLAfoZucVR881uASk0Mfjw8xYJ99tb5CcY=
github.com/stretchr/testify v1.7.0/go.mod h1:6Fq8oRcR53rry900zMqJjRRixrwX3KX962/h/Wwjteg=
golang.org/x/crypto v0.12.0 h1:tFM/ta59kqch6LlvYnPa0yx5a83cL2nHflFhYKvv9Yk=
golang.org/x/crypto v0.12.0/go.mod h1:NF0Gs7EO5K4qLn+Ylc+fih8BSTeIjAP05siRnAh98yw=
golang.org/x/sys v0.0.0-20220715151400-c0bba94af5f8/go.mod h1:oPkhp1MJrh7nUepCBck5+mAzfO9JrbApNNgaTdGDITg=
golang.org/x/sys v0.11.0 h1:eG7RXZHdqOJ1i+0lgLgCpSXAp6M3LYlAo6osgSi0xOM=
golang.org/x/sys v0.11.0/go.mod h1:oPkhp1MJrh7nUepCBck5+mAzfO9JrbApNNgaTdGDITg=
gopkg.in/check.v1 v0.0.0-20161208181325-20d25e280405/go.mod h1:Co6ibVJAznAaIkqp8huTwlJQCZ016jof/cbN4VW5Yz0=
gopkg.in/check.v1 v1.0.0-20180628173108-788fd7840127 h1:qIbj1fsPNlZgppZ+VLlY7N33q108Sa+fhmuc+sWQYwY=
gopkg.in/check.v1 v1.0.0-20180628173108-788fd7840127/go.mod h1:Co6ibVJAznAaIkqp8huTwlJQCZ016jof/cbN4VW5Yz0=
gopkg.in/yaml.v2 v2.2.8/go.mod h1:hI93XBmqTisBFMUTm0b8Fm+jr3Dg1NNxqwp+5A1VGuI=
gopkg.in/yaml.v2 v2.4.0 h1:D8xgwECY7CYvx+Y2n4sBz93Jn9JRvxdiyyo8CTfuKaY=
gopkg.in/yaml.v2 v2.4.0/go.mod h1:RDklbk79AGWmwhnvt/jBztapEOGDOx6ZbXqjP6csGnQ=
gopkg.in/yaml.v3 v3.0.0-20200313102051-9f266ea9e77c h1:dUUwHk2QECo/6vqA44rthZ8ie2QXMNeKRTHCNY2nXvo=
gopkg.in/yaml.v3 v3.0.0-20200313102051-9f266ea9e77c/go.mod h1:K4uyk7z7BCEPqu6E+C64Yfv1cQ7kz7rIZviUmN+EgEM=
